
Microsoft Visual Studio Solution File, Format Version 12.00
# Visual Studio 2015
Project("{FAE04EC0-301F-11D3-BF4B-00C04F79EFBC}") = "Shooting!.CSharp", "Shooting!.CSharp.csproj", "{2DC5F23C-8700-34A5-E97B-5043CA38EED2}"
EndProject
Project("{FAE04EC0-301F-11D3-BF4B-00C04F79EFBC}") = "Shooting!.CSharp.Editor", "Shooting!.CSharp.Editor.csproj", "{0C3D4542-FDE9-17C4-F64B-A34CDBA5C09E}"
EndProject
Global
	GlobalSection(SolutionConfigurationPlatforms) = preSolution
		Debug|Any CPU = Debug|Any CPU
		Release|Any CPU = Release|Any CPU
	EndGlobalSection
	GlobalSection(ProjectConfigurationPlatforms) = postSolution
		{2DC5F23C-8700-34A5-E97B-5043CA38EED2}.Debug|Any CPU.ActiveCfg = Debug|Any CPU
		{2DC5F23C-8700-34A5-E97B-5043CA38EED2}.Debug|Any CPU.Build.0 = Debug|Any CPU
		{2DC5F23C-8700-34A5-E97B-5043CA38EED2}.Release|Any CPU.ActiveCfg = Release|Any CPU
		{2DC5F23C-8700-34A5-E97B-5043CA38EED2}.Release|Any CPU.Build.0 = Release|Any CPU
		{0C3D4542-FDE9-17C4-F64B-A34CDBA5C09E}.Debug|Any CPU.ActiveCfg = Debug|Any CPU
		{0C3D4542-FDE9-17C4-F64B-A34CDBA5C09E}.Debug|Any CPU.Build.0 = Debug|Any CPU
		{0C3D4542-FDE9-17C4-F64B-A34CDBA5C09E}.Release|Any CPU.ActiveCfg = Release|Any CPU
		{0C3D4542-FDE9-17C4-F64B-A34CDBA5C09E}.Release|Any CPU.Build.0 = Release|Any CPU
	EndGlobalSection
	GlobalSection(SolutionProperties) = preSolution
		HideSolutionNode = FALSE
	EndGlobalSection
EndGlobal
