Microsoft Visual Studio Solution File, Format Version 11.00
# Visual Studio 2008

Project("{AD9A3640-8AC5-4C3D-9D3A-B2A0E5896641}") = "Shooting!", "Assembly-CSharp.csproj", "{4A693A87-CBA8-4836-4310-5F4369FDBCBC}"
EndProject
Project("{AD9A3640-8AC5-4C3D-9D3A-B2A0E5896641}") = "Shooting!", "Assembly-CSharp-Editor.csproj", "{D68E77B0-21EB-7C92-05FF-A65C99AC1B69}"
EndProject
Global
	GlobalSection(SolutionConfigurationPlatforms) = preSolution
		Debug|Any CPU = Debug|Any CPU
		Release|Any CPU = Release|Any CPU
	EndGlobalSection
	GlobalSection(ProjectConfigurationPlatforms) = postSolution
		{4A693A87-CBA8-4836-4310-5F4369FDBCBC}.Debug|Any CPU.ActiveCfg = Debug|Any CPU
		{4A693A87-CBA8-4836-4310-5F4369FDBCBC}.Debug|Any CPU.Build.0 = Debug|Any CPU
		{4A693A87-CBA8-4836-4310-5F4369FDBCBC}.Release|Any CPU.ActiveCfg = Release|Any CPU
		{4A693A87-CBA8-4836-4310-5F4369FDBCBC}.Release|Any CPU.Build.0 = Release|Any CPU
		{D68E77B0-21EB-7C92-05FF-A65C99AC1B69}.Debug|Any CPU.ActiveCfg = Debug|Any CPU
		{D68E77B0-21EB-7C92-05FF-A65C99AC1B69}.Debug|Any CPU.Build.0 = Debug|Any CPU
		{D68E77B0-21EB-7C92-05FF-A65C99AC1B69}.Release|Any CPU.ActiveCfg = Release|Any CPU
		{D68E77B0-21EB-7C92-05FF-A65C99AC1B69}.Release|Any CPU.Build.0 = Release|Any CPU
	EndGlobalSection
	GlobalSection(SolutionProperties) = preSolution
		HideSolutionNode = FALSE
	EndGlobalSection
	GlobalSection(MonoDevelopProperties) = preSolution
		StartupItem = Assembly-CSharp.csproj
	EndGlobalSection
EndGlobal
